{
  "nodes": {
    "cmp-agda-symbols": {
      "flake": false,
      "locked": {
        "lastModified": 1709208014,
        "narHash": "sha256-O+peKs/NeZADkVFFKgY7g34lejOQp+tlXrXEm9ZatYw=",
        "owner": "Arkissa",
        "repo": "cmp-agda-symbols",
        "rev": "4fe1a58d24a59146142af9181c211b26f0395a9e",
        "type": "github"
      },
      "original": {
        "owner": "Arkissa",
        "repo": "cmp-agda-symbols",
        "type": "github"
      }
    },
    "cmp-vimtex": {
      "flake": false,
      "locked": {
        "lastModified": 1722941837,
        "narHash": "sha256-pD2dPdpyn5A/uwonDdAxCX138yBeDqbXDdlG/IKjVTU=",
        "owner": "micangl",
        "repo": "cmp-vimtex",
        "rev": "5283bf9108ef33d41e704027b9ef22437ce7a15b",
        "type": "github"
      },
      "original": {
        "owner": "micangl",
        "repo": "cmp-vimtex",
        "type": "github"
      }
    },
    "cornelis": {
      "inputs": {
        "flake-compat": "flake-compat",
        "flake-utils": "flake-utils",
        "nixpkgs": "nixpkgs"
      },
      "locked": {
        "lastModified": 1729782952,
        "narHash": "sha256-7/oyw8sG7nW0jzoJsSc7cefGjkUr+Ze4YxnAwc9Y+Yk=",
        "owner": "isovector",
        "repo": "cornelis",
        "rev": "41b7d5ef1d1248f6a00fbd5ab798bf42ef189af0",
        "type": "github"
      },
      "original": {
        "owner": "isovector",
        "repo": "cornelis",
        "type": "github"
      }
    },
    "devshell": {
      "inputs": {
        "nixpkgs": [
          "nixvim",
          "nixpkgs"
        ]
      },
      "locked": {
        "lastModified": 1728330715,
        "narHash": "sha256-xRJ2nPOXb//u1jaBnDP56M7v5ldavjbtR6lfGqSvcKg=",
        "owner": "numtide",
        "repo": "devshell",
        "rev": "dd6b80932022cea34a019e2bb32f6fa9e494dfef",
        "type": "github"
      },
      "original": {
        "owner": "numtide",
        "repo": "devshell",
        "type": "github"
      }
    },
    "flake-compat": {
      "flake": false,
      "locked": {
        "lastModified": 1696426674,
        "narHash": "sha256-kvjfFW7WAETZlt09AgDn1MrtKzP7t90Vf7vypd3OL1U=",
        "owner": "edolstra",
        "repo": "flake-compat",
        "rev": "0f9255e01c2351cc7d116c072cb317785dd33b33",
        "type": "github"
      },
      "original": {
        "owner": "edolstra",
        "repo": "flake-compat",
        "type": "github"
      }
    },
    "flake-compat_2": {
      "locked": {
        "lastModified": 1696426674,
        "narHash": "sha256-kvjfFW7WAETZlt09AgDn1MrtKzP7t90Vf7vypd3OL1U=",
        "rev": "0f9255e01c2351cc7d116c072cb317785dd33b33",
        "revCount": 57,
        "type": "tarball",
        "url": "https://api.flakehub.com/f/pinned/edolstra/flake-compat/1.0.1/018afb31-abd1-7bff-a5e4-cff7e18efb7a/source.tar.gz"
      },
      "original": {
        "type": "tarball",
        "url": "https://flakehub.com/f/edolstra/flake-compat/1.tar.gz"
      }
    },
    "flake-parts": {
      "inputs": {
        "nixpkgs-lib": "nixpkgs-lib"
      },
      "locked": {
        "lastModified": 1730504689,
        "narHash": "sha256-hgmguH29K2fvs9szpq2r3pz2/8cJd2LPS+b4tfNFCwE=",
        "owner": "hercules-ci",
        "repo": "flake-parts",
        "rev": "506278e768c2a08bec68eb62932193e341f55c90",
        "type": "github"
      },
      "original": {
        "owner": "hercules-ci",
        "repo": "flake-parts",
        "type": "github"
      }
    },
    "flake-parts_2": {
      "inputs": {
        "nixpkgs-lib": [
          "nixvim",
          "nixpkgs"
        ]
      },
      "locked": {
        "lastModified": 1730504689,
        "narHash": "sha256-hgmguH29K2fvs9szpq2r3pz2/8cJd2LPS+b4tfNFCwE=",
        "owner": "hercules-ci",
        "repo": "flake-parts",
        "rev": "506278e768c2a08bec68eb62932193e341f55c90",
        "type": "github"
      },
      "original": {
        "owner": "hercules-ci",
        "repo": "flake-parts",
        "type": "github"
      }
    },
    "flake-utils": {
      "inputs": {
        "systems": "systems"
      },
      "locked": {
        "lastModified": 1710146030,
        "narHash": "sha256-SZ5L6eA7HJ/nmkzGG7/ISclqe6oZdOZTNoesiInkXPQ=",
        "owner": "numtide",
        "repo": "flake-utils",
        "rev": "b1d9ab70662946ef0850d488da1c9019f3a9752a",
        "type": "github"
      },
      "original": {
        "owner": "numtide",
        "repo": "flake-utils",
        "type": "github"
      }
    },
    "flake-utils_2": {
      "inputs": {
        "systems": "systems_2"
      },
      "locked": {
        "lastModified": 1731533236,
        "narHash": "sha256-l0KFg5HjrsfsO/JpG+r7fRrqm12kzFHyUHqHCVpMMbI=",
        "owner": "numtide",
        "repo": "flake-utils",
        "rev": "11707dc2f618dd54ca8739b309ec4fc024de578b",
        "type": "github"
      },
      "original": {
        "owner": "numtide",
        "repo": "flake-utils",
        "type": "github"
      }
    },
    "floating-help-nvim": {
      "flake": false,
      "locked": {
        "lastModified": 1714942035,
        "narHash": "sha256-S1dDrcN8nnWn2lc1M40QfWuPWtvrAvDk+cXiEvUVVs0=",
        "owner": "Tyler-Barham",
        "repo": "floating-help.nvim",
        "rev": "1e61cb6804b7aac7fb0ccfdccbbd01a0a4c92241",
        "type": "github"
      },
      "original": {
        "owner": "Tyler-Barham",
        "repo": "floating-help.nvim",
        "type": "github"
      }
    },
    "git-hooks": {
      "inputs": {
        "flake-compat": [
          "nixvim",
          "flake-compat"
        ],
        "gitignore": "gitignore",
        "nixpkgs": [
          "nixvim",
          "nixpkgs"
        ],
        "nixpkgs-stable": [
          "nixvim",
          "nixpkgs"
        ]
      },
      "locked": {
        "lastModified": 1732021966,
        "narHash": "sha256-mnTbjpdqF0luOkou8ZFi2asa1N3AA2CchR/RqCNmsGE=",
        "owner": "cachix",
        "repo": "git-hooks.nix",
        "rev": "3308484d1a443fc5bc92012435d79e80458fe43c",
        "type": "github"
      },
      "original": {
        "owner": "cachix",
        "repo": "git-hooks.nix",
        "type": "github"
      }
    },
    "gitignore": {
      "inputs": {
        "nixpkgs": [
          "nixvim",
          "git-hooks",
          "nixpkgs"
        ]
      },
      "locked": {
        "lastModified": 1709087332,
        "narHash": "sha256-HG2cCnktfHsKV0s4XW83gU3F57gaTljL9KNSuG6bnQs=",
        "owner": "hercules-ci",
        "repo": "gitignore.nix",
        "rev": "637db329424fd7e46cf4185293b9cc8c88c95394",
        "type": "github"
      },
      "original": {
        "owner": "hercules-ci",
        "repo": "gitignore.nix",
        "type": "github"
      }
    },
    "guihua-lua": {
      "flake": false,
      "locked": {
        "lastModified": 1730516234,
        "narHash": "sha256-XpUsbj1boDfbyE8C6SdOvZdkd97682VVC81fvQ5WA/4=",
        "owner": "ray-x",
        "repo": "guihua.lua",
        "rev": "d783191eaa75215beae0c80319fcce5e6b3beeda",
        "type": "github"
      },
      "original": {
        "owner": "ray-x",
        "repo": "guihua.lua",
        "type": "github"
      }
    },
    "home-manager": {
      "inputs": {
        "nixpkgs": [
          "nixvim",
          "nixpkgs"
        ]
      },
      "locked": {
        "lastModified": 1732482255,
        "narHash": "sha256-GUffLwzawz5WRVfWaWCg78n/HrBJrOG7QadFY6rtV8A=",
        "owner": "nix-community",
        "repo": "home-manager",
        "rev": "a9953635d7f34e7358d5189751110f87e3ac17da",
        "type": "github"
      },
      "original": {
        "owner": "nix-community",
        "repo": "home-manager",
        "type": "github"
      }
    },
    "ixx": {
      "inputs": {
        "flake-utils": [
          "nixvim",
          "nuschtosSearch",
          "flake-utils"
        ],
        "nixpkgs": [
          "nixvim",
          "nuschtosSearch",
          "nixpkgs"
        ]
      },
      "locked": {
        "lastModified": 1729958008,
        "narHash": "sha256-EiOq8jF4Z/zQe0QYVc3+qSKxRK//CFHMB84aYrYGwEs=",
        "owner": "NuschtOS",
        "repo": "ixx",
        "rev": "9fd01aad037f345350eab2cd45e1946cc66da4eb",
        "type": "github"
      },
      "original": {
        "owner": "NuschtOS",
        "ref": "v0.0.6",
        "repo": "ixx",
        "type": "github"
      }
    },
    "luasnip-latex-snippets-nvim": {
      "flake": false,
      "locked": {
        "lastModified": 1732525822,
        "narHash": "sha256-9p4B6rK7zxLwG7TxLcXjiaRiEjlLBqpV6H0peS7XoJQ=",
        "owner": "evesdropper",
        "repo": "luasnip-latex-snippets.nvim",
        "rev": "e72dc5fafb5ec826ab350871c9a0521ba8ecd6a5",
        "type": "github"
      },
      "original": {
        "owner": "evesdropper",
        "repo": "luasnip-latex-snippets.nvim",
        "type": "github"
      }
    },
    "marp-nvim": {
      "flake": false,
      "locked": {
        "lastModified": 1722411115,
        "narHash": "sha256-CebyoqIBi8xT5U+aCBwptOSz89KxhXS27kAtPrRZvT8=",
        "owner": "mpas",
        "repo": "marp-nvim",
        "rev": "4f38e6ffe2f5ea260f35f7ff3e4e424b9f8bea29",
        "type": "github"
      },
      "original": {
        "owner": "mpas",
        "repo": "marp-nvim",
        "type": "github"
      }
    },
    "midnight-nvim": {
      "flake": false,
      "locked": {
        "lastModified": 1730490826,
        "narHash": "sha256-X1TLibzUF1f2qoGn886Y1OcbAZNMo4LXJVRRbB9/Hng=",
        "owner": "dasupradyumna",
        "repo": "midnight.nvim",
        "rev": "fe062a6f2e5bd77cd8a260f61e6e12789eaf4f13",
        "type": "github"
      },
      "original": {
        "owner": "dasupradyumna",
        "repo": "midnight.nvim",
        "type": "github"
      }
    },
    "nix-darwin": {
      "inputs": {
        "nixpkgs": [
          "nixvim",
          "nixpkgs"
        ]
      },
      "locked": {
        "lastModified": 1732603785,
        "narHash": "sha256-AEjWTJwOmSnVYsSJCojKgoguGfFfwel6z/6ud6UFMU8=",
        "owner": "lnl7",
        "repo": "nix-darwin",
        "rev": "6ab87b7c84d4ee873e937108c4ff80c015a40c7a",
        "type": "github"
      },
      "original": {
        "owner": "lnl7",
        "repo": "nix-darwin",
        "type": "github"
      }
    },
    "nixpkgs": {
      "locked": {
        "lastModified": 1711231723,
        "narHash": "sha256-dARJQ8AJOv6U+sdRePkbcVyVbXJTi1tReCrkkOeusiA=",
        "owner": "NixOS",
        "repo": "nixpkgs",
        "rev": "e1d501922fd7351da4200e1275dfcf5faaad1220",
        "type": "github"
      },
      "original": {
        "owner": "NixOS",
        "ref": "nixpkgs-unstable",
        "repo": "nixpkgs",
        "type": "github"
      }
    },
    "nixpkgs-lib": {
      "locked": {
        "lastModified": 1730504152,
        "narHash": "sha256-lXvH/vOfb4aGYyvFmZK/HlsNsr/0CVWlwYvo2rxJk3s=",
        "type": "tarball",
        "url": "https://github.com/NixOS/nixpkgs/archive/cc2f28000298e1269cea6612cd06ec9979dd5d7f.tar.gz"
      },
      "original": {
        "type": "tarball",
        "url": "https://github.com/NixOS/nixpkgs/archive/cc2f28000298e1269cea6612cd06ec9979dd5d7f.tar.gz"
      }
    },
    "nixpkgs_2": {
      "locked": {
        "lastModified": 1732521221,
        "narHash": "sha256-2ThgXBUXAE1oFsVATK1ZX9IjPcS4nKFOAjhPNKuiMn0=",
        "owner": "nixos",
        "repo": "nixpkgs",
        "rev": "4633a7c72337ea8fd23a4f2ba3972865e3ec685d",
        "type": "github"
      },
      "original": {
        "owner": "nixos",
        "ref": "nixos-unstable",
        "repo": "nixpkgs",
        "type": "github"
      }
    },
    "nixpkgs_3": {
      "locked": {
        "lastModified": 1732521221,
        "narHash": "sha256-2ThgXBUXAE1oFsVATK1ZX9IjPcS4nKFOAjhPNKuiMn0=",
        "owner": "NixOS",
        "repo": "nixpkgs",
        "rev": "4633a7c72337ea8fd23a4f2ba3972865e3ec685d",
        "type": "github"
      },
      "original": {
        "owner": "NixOS",
        "ref": "nixos-unstable",
        "repo": "nixpkgs",
        "type": "github"
      }
    },
    "nixvim": {
      "inputs": {
        "devshell": "devshell",
        "flake-compat": "flake-compat_2",
        "flake-parts": "flake-parts_2",
        "git-hooks": "git-hooks",
        "home-manager": "home-manager",
        "nix-darwin": "nix-darwin",
        "nixpkgs": "nixpkgs_3",
        "nuschtosSearch": "nuschtosSearch",
        "treefmt-nix": "treefmt-nix"
      },
      "locked": {
        "lastModified": 1732661768,
        "narHash": "sha256-3D1m2l/hMivhpVkmJoEM+4tQ9W5j6s4UESSnuVl/7LM=",
        "owner": "nix-community",
        "repo": "nixvim",
        "rev": "7eb106ab690ff3f37ef5d517763e68a78a7923e3",
        "type": "github"
      },
      "original": {
        "owner": "nix-community",
        "repo": "nixvim",
        "type": "github"
      }
    },
    "nuschtosSearch": {
      "inputs": {
        "flake-utils": "flake-utils_2",
        "ixx": "ixx",
        "nixpkgs": [
          "nixvim",
          "nixpkgs"
        ]
      },
      "locked": {
        "lastModified": 1731936508,
        "narHash": "sha256-z0BSSf78LkxIrrFXZYmCoRRAxAmxMUKpK7CyxQRvkZI=",
        "owner": "NuschtOS",
        "repo": "search",
        "rev": "fe07070f811b717a4626d01fab714a87d422a9e1",
        "type": "github"
      },
      "original": {
        "owner": "NuschtOS",
        "repo": "search",
        "type": "github"
      }
    },
    "nvfs": {
      "flake": false,
      "locked": {
        "lastModified": 1688579685,
        "narHash": "sha256-oJWJSAEACJSY8EFyl2Js+jSdIhdKhwatibBmD4OV2SE=",
        "owner": "LunarVim",
        "repo": "Neovim-from-scratch",
        "rev": "55d29f82613aeeb755cbd3c62c46b8c24e2045d4",
        "type": "github"
      },
      "original": {
        "owner": "LunarVim",
        "repo": "Neovim-from-scratch",
        "type": "github"
      }
    },
    "root": {
      "inputs": {
        "cmp-agda-symbols": "cmp-agda-symbols",
        "cmp-vimtex": "cmp-vimtex",
        "cornelis": "cornelis",
        "flake-parts": "flake-parts",
        "floating-help-nvim": "floating-help-nvim",
        "guihua-lua": "guihua-lua",
        "luasnip-latex-snippets-nvim": "luasnip-latex-snippets-nvim",
        "marp-nvim": "marp-nvim",
        "midnight-nvim": "midnight-nvim",
        "nixpkgs": "nixpkgs_2",
        "nixvim": "nixvim",
        "nvfs": "nvfs",
        "sad-nvim": "sad-nvim",
        "scrolleof-nvim": "scrolleof-nvim",
        "telescope-git-file-history-nvim": "telescope-git-file-history-nvim",
        "telescope-luasnip-nvim": "telescope-luasnip-nvim",
        "tshjkl": "tshjkl"
      }
    },
    "sad-nvim": {
      "flake": false,
      "locked": {
        "lastModified": 1730070367,
        "narHash": "sha256-ldU9B6ABUy9GM/K+ysRtplj3sdFf0jjqv3L74oTMiF0=",
        "owner": "ray-x",
        "repo": "sad.nvim",
        "rev": "d5bb4e98b42ae0084ae6ec03aa285d1b2fa1ba8e",
        "type": "github"
      },
      "original": {
        "owner": "ray-x",
        "repo": "sad.nvim",
        "type": "github"
      }
    },
    "scrolleof-nvim": {
      "flake": false,
      "locked": {
        "lastModified": 1732040551,
        "narHash": "sha256-30Bc8HPcEsdLvoT4dsWC/gLHKGwUaxvw43ffGZW99gw=",
        "owner": "Aasim-A",
        "repo": "scrollEOF.nvim",
        "rev": "f0ce8b853b15edacc5380855fbfe9e606788df69",
        "type": "github"
      },
      "original": {
        "owner": "Aasim-A",
        "repo": "scrollEOF.nvim",
        "type": "github"
      }
    },
    "systems": {
      "locked": {
        "lastModified": 1681028828,
        "narHash": "sha256-Vy1rq5AaRuLzOxct8nz4T6wlgyUR7zLU309k9mBC768=",
        "owner": "nix-systems",
        "repo": "default",
        "rev": "da67096a3b9bf56a91d16901293e51ba5b49a27e",
        "type": "github"
      },
      "original": {
        "owner": "nix-systems",
        "repo": "default",
        "type": "github"
      }
    },
    "systems_2": {
      "locked": {
        "lastModified": 1681028828,
        "narHash": "sha256-Vy1rq5AaRuLzOxct8nz4T6wlgyUR7zLU309k9mBC768=",
        "owner": "nix-systems",
        "repo": "default",
        "rev": "da67096a3b9bf56a91d16901293e51ba5b49a27e",
        "type": "github"
      },
      "original": {
        "owner": "nix-systems",
        "repo": "default",
        "type": "github"
      }
    },
    "telescope-git-file-history-nvim": {
      "flake": false,
      "locked": {
        "lastModified": 1727128584,
        "narHash": "sha256-rf5orEKvsS7gRcUb3+USmCK2SD84xusGU1xIIW8Ntyw=",
        "owner": "isak102",
        "repo": "telescope-git-file-history.nvim",
        "rev": "c27d99ba88ec5f0b6d2b9f9bc67dd3d14c610b25",
        "type": "github"
      },
      "original": {
        "owner": "isak102",
        "repo": "telescope-git-file-history.nvim",
        "type": "github"
      }
    },
    "telescope-luasnip-nvim": {
      "flake": false,
      "locked": {
        "lastModified": 1717879659,
        "narHash": "sha256-jzLzucF2rAa3nkHE5n4g2StkSUjMOMK93JCH/g09DQY=",
        "owner": "benfowler",
        "repo": "telescope-luasnip.nvim",
        "rev": "11668478677de360dea45cf2b090d34f21b8ae07",
        "type": "github"
      },
      "original": {
        "owner": "benfowler",
        "repo": "telescope-luasnip.nvim",
        "type": "github"
      }
    },
    "treefmt-nix": {
      "inputs": {
        "nixpkgs": [
          "nixvim",
          "nixpkgs"
        ]
      },
      "locked": {
        "lastModified": 1732643199,
        "narHash": "sha256-uI7TXEb231o8dkwB5AUCecx3AQtosRmL6hKgnckvjps=",
        "owner": "numtide",
        "repo": "treefmt-nix",
        "rev": "84637a7ab04179bdc42aa8fd0af1909fba76ad0c",
        "type": "github"
      },
      "original": {
        "owner": "numtide",
        "repo": "treefmt-nix",
        "type": "github"
      }
    },
    "tshjkl": {
      "flake": false,
      "locked": {
        "lastModified": 1716415597,
        "narHash": "sha256-8W6iYQk0x6RSJi+cY9F6YUD4Z5rwMOjgq5YmmXgf6mk=",
        "owner": "gsuuon",
        "repo": "tshjkl.nvim",
        "rev": "3fe81ab2c15f014a78b752062238d6c110a08fc8",
        "type": "github"
      },
      "original": {
        "owner": "gsuuon",
        "repo": "tshjkl.nvim",
        "type": "github"
      }
    }
  },
  "root": "root",
  "version": 7
}
