{
  "nodes": {
    "agda-symbols": {
      "flake": false,
      "locked": {
        "lastModified": 1741183027,
        "narHash": "sha256-hUozAJNEakUEv7DkECwbYAznsFj5d0CR0YMfyZ+VwZc=",
        "owner": "4e554c4c",
        "repo": "agda-symbols",
        "rev": "52baf50f2f8160d2f580e7e80b5c3de2a46ba6f4",
        "type": "github"
      },
      "original": {
        "owner": "4e554c4c",
        "repo": "agda-symbols",
        "type": "github"
      }
    },
    "cornelis": {
      "inputs": {
        "flake-compat": "flake-compat",
        "flake-utils": "flake-utils",
        "nixpkgs": [
          "nixpkgs"
        ]
      },
      "locked": {
        "lastModified": 1780402610,
        "narHash": "sha256-XG7F0ALVWU+8XHfYEj0R8SF+vjwCyy65oX4UcVxRlPc=",
        "owner": "agda",
        "repo": "cornelis",
        "rev": "f6db4a8e0993276557cc59b8e720d04e73138ded",
        "type": "github"
      },
      "original": {
        "owner": "agda",
        "repo": "cornelis",
        "type": "github"
      }
    },
    "flake-compat": {
      "flake": false,
      "locked": {
        "lastModified": 1696426674,
        "narHash": "sha256-kvjfFW7WAETZlt09AgDn1MrtKzP7t90Vf7vypd3OL1U=",
        "owner": "edolstra",
        "repo": "flake-compat",
        "rev": "0f9255e01c2351cc7d116c072cb317785dd33b33",
        "type": "github"
      },
      "original": {
        "owner": "edolstra",
        "repo": "flake-compat",
        "type": "github"
      }
    },
    "flake-parts": {
      "inputs": {
        "nixpkgs-lib": "nixpkgs-lib"
      },
      "locked": {
        "lastModified": 1778716662,
        "narHash": "sha256-m1Yf0wZ8j1OHjTc2UwHwyQRSnNeSgLJOd7q5Y45hzi4=",
        "owner": "hercules-ci",
        "repo": "flake-parts",
        "rev": "f7c1a2d347e4c52d5fb8d10cb4d94b5884e546fb",
        "type": "github"
      },
      "original": {
        "owner": "hercules-ci",
        "repo": "flake-parts",
        "type": "github"
      }
    },
    "flake-parts_2": {
      "inputs": {
        "nixpkgs-lib": [
          "nixvim",
          "nixpkgs"
        ]
      },
      "locked": {
        "lastModified": 1778716662,
        "narHash": "sha256-m1Yf0wZ8j1OHjTc2UwHwyQRSnNeSgLJOd7q5Y45hzi4=",
        "owner": "hercules-ci",
        "repo": "flake-parts",
        "rev": "f7c1a2d347e4c52d5fb8d10cb4d94b5884e546fb",
        "type": "github"
      },
      "original": {
        "owner": "hercules-ci",
        "repo": "flake-parts",
        "type": "github"
      }
    },
    "flake-parts_3": {
      "inputs": {
        "nixpkgs-lib": [
          "nur",
          "nixpkgs"
        ]
      },
      "locked": {
        "lastModified": 1733312601,
        "narHash": "sha256-4pDvzqnegAfRkPwO3wmwBhVi/Sye1mzps0zHWYnP88c=",
        "owner": "hercules-ci",
        "repo": "flake-parts",
        "rev": "205b12d8b7cd4802fbcb8e8ef6a0f1408781a4f9",
        "type": "github"
      },
      "original": {
        "owner": "hercules-ci",
        "repo": "flake-parts",
        "type": "github"
      }
    },
    "flake-utils": {
      "inputs": {
        "systems": "systems"
      },
      "locked": {
        "lastModified": 1710146030,
        "narHash": "sha256-SZ5L6eA7HJ/nmkzGG7/ISclqe6oZdOZTNoesiInkXPQ=",
        "owner": "numtide",
        "repo": "flake-utils",
        "rev": "b1d9ab70662946ef0850d488da1c9019f3a9752a",
        "type": "github"
      },
      "original": {
        "owner": "numtide",
        "repo": "flake-utils",
        "type": "github"
      }
    },
    "guihua-lua": {
      "flake": false,
      "locked": {
        "lastModified": 1779838992,
        "narHash": "sha256-lupDg/yt75164H8zQs/HTKqC3Y1FnQCzoMq90nwapO8=",
        "owner": "ray-x",
        "repo": "guihua.lua",
        "rev": "f8e06bd8a26dee3377d63c2adf1e57cdb58ac474",
        "type": "github"
      },
      "original": {
        "owner": "ray-x",
        "repo": "guihua.lua",
        "type": "github"
      }
    },
    "ltex-utils-nvim": {
      "flake": false,
      "locked": {
        "lastModified": 1754058286,
        "narHash": "sha256-HJWhZCKRQZ6RaGpI0drjIwFdSxKTyTImx+8optelmgY=",
        "owner": "jhofscheier",
        "repo": "ltex-utils.nvim",
        "rev": "0f3d2dc24c074e89415a3e056b7c2479dc9191e8",
        "type": "github"
      },
      "original": {
        "owner": "jhofscheier",
        "repo": "ltex-utils.nvim",
        "type": "github"
      }
    },
    "luasnip-latex-snippets-nvim": {
      "flake": false,
      "locked": {
        "lastModified": 1745311825,
        "narHash": "sha256-w58aCqK2Gj4f9hxUcngJQi0Bj1I1twTwv0af7hOyKB0=",
        "owner": "evesdropper",
        "repo": "luasnip-latex-snippets.nvim",
        "rev": "53d96674d56f8489288e8db9b24c381d422e16a5",
        "type": "github"
      },
      "original": {
        "owner": "evesdropper",
        "repo": "luasnip-latex-snippets.nvim",
        "type": "github"
      }
    },
    "marp-nvim": {
      "flake": false,
      "locked": {
        "lastModified": 1722411115,
        "narHash": "sha256-CebyoqIBi8xT5U+aCBwptOSz89KxhXS27kAtPrRZvT8=",
        "owner": "mpas",
        "repo": "marp-nvim",
        "rev": "4f38e6ffe2f5ea260f35f7ff3e4e424b9f8bea29",
        "type": "github"
      },
      "original": {
        "owner": "mpas",
        "repo": "marp-nvim",
        "type": "github"
      }
    },
    "nixpkgs": {
      "locked": {
        "lastModified": 1780930886,
        "narHash": "sha256-rppURzHviaQN131F+nLiLdGfcb0uCd9gGP0E5+iw9MI=",
        "owner": "NixOS",
        "repo": "nixpkgs",
        "rev": "8c3cede7ddc26bd659d2d383b5610efbd2c7a16e",
        "type": "github"
      },
      "original": {
        "id": "nixpkgs",
        "type": "indirect"
      }
    },
    "nixpkgs-lib": {
      "locked": {
        "lastModified": 1777168982,
        "narHash": "sha256-GOkGPcboWE9BmGCRMLX3worL4EMnsnG8MyKmXNeYuhQ=",
        "owner": "nix-community",
        "repo": "nixpkgs.lib",
        "rev": "f5901329dade4a6ea039af1433fb087bd9c1fe14",
        "type": "github"
      },
      "original": {
        "owner": "nix-community",
        "repo": "nixpkgs.lib",
        "type": "github"
      }
    },
    "nixvim": {
      "inputs": {
        "flake-parts": "flake-parts_2",
        "nixpkgs": [
          "nixpkgs"
        ],
        "systems": "systems_2"
      },
      "locked": {
        "lastModified": 1780995253,
        "narHash": "sha256-6Lsoyw2XPvY8YNMCtPnsyw0JVVtHsXP2xtrFJBBTAOQ=",
        "owner": "nix-community",
        "repo": "nixvim",
        "rev": "43a7e6f82978ac975c3bba6728869b231e7a1ba0",
        "type": "github"
      },
      "original": {
        "owner": "nix-community",
        "repo": "nixvim",
        "type": "github"
      }
    },
    "nur": {
      "inputs": {
        "flake-parts": "flake-parts_3",
        "nixpkgs": [
          "nixpkgs"
        ]
      },
      "locked": {
        "lastModified": 1781005212,
        "narHash": "sha256-aBQSjGtjFLi8/yqgV4zMTABB3ng/io3Kf81FHFmZ/V0=",
        "owner": "nix-community",
        "repo": "NUR",
        "rev": "27d5108d93b0de7f6874e757db89e199a924347c",
        "type": "github"
      },
      "original": {
        "owner": "nix-community",
        "repo": "NUR",
        "type": "github"
      }
    },
    "nvfs": {
      "flake": false,
      "locked": {
        "lastModified": 1688579685,
        "narHash": "sha256-oJWJSAEACJSY8EFyl2Js+jSdIhdKhwatibBmD4OV2SE=",
        "owner": "LunarVim",
        "repo": "Neovim-from-scratch",
        "rev": "55d29f82613aeeb755cbd3c62c46b8c24e2045d4",
        "type": "github"
      },
      "original": {
        "owner": "LunarVim",
        "repo": "Neovim-from-scratch",
        "type": "github"
      }
    },
    "root": {
      "inputs": {
        "agda-symbols": "agda-symbols",
        "cornelis": "cornelis",
        "flake-parts": "flake-parts",
        "guihua-lua": "guihua-lua",
        "ltex-utils-nvim": "ltex-utils-nvim",
        "luasnip-latex-snippets-nvim": "luasnip-latex-snippets-nvim",
        "marp-nvim": "marp-nvim",
        "nixpkgs": "nixpkgs",
        "nixvim": "nixvim",
        "nur": "nur",
        "nvfs": "nvfs",
        "telescope-git-file-history-nvim": "telescope-git-file-history-nvim",
        "telescope-luasnip-nvim": "telescope-luasnip-nvim",
        "tree-sitter-openscad": "tree-sitter-openscad"
      }
    },
    "systems": {
      "locked": {
        "lastModified": 1681028828,
        "narHash": "sha256-Vy1rq5AaRuLzOxct8nz4T6wlgyUR7zLU309k9mBC768=",
        "owner": "nix-systems",
        "repo": "default",
        "rev": "da67096a3b9bf56a91d16901293e51ba5b49a27e",
        "type": "github"
      },
      "original": {
        "owner": "nix-systems",
        "repo": "default",
        "type": "github"
      }
    },
    "systems_2": {
      "locked": {
        "lastModified": 1774449309,
        "narHash": "sha256-brhZ8DmuGtzkCYHJg4HEd602amKm89Y9ytsFZ5uWD1w=",
        "owner": "nix-systems",
        "repo": "default",
        "rev": "c29398b59d2048c4ab79345812849c9bd15e9150",
        "type": "github"
      },
      "original": {
        "owner": "nix-systems",
        "ref": "future-26.11",
        "repo": "default",
        "type": "github"
      }
    },
    "telescope-git-file-history-nvim": {
      "flake": false,
      "locked": {
        "lastModified": 1771262458,
        "narHash": "sha256-hNSzpFMbR9RFt/RUCw5sesRpdj+rH3iEuUjI7pf2EA4=",
        "owner": "isak102",
        "repo": "telescope-git-file-history.nvim",
        "rev": "4442114f9257e682e60a8cb6de14cf988e26055c",
        "type": "github"
      },
      "original": {
        "owner": "isak102",
        "repo": "telescope-git-file-history.nvim",
        "type": "github"
      }
    },
    "telescope-luasnip-nvim": {
      "flake": false,
      "locked": {
        "lastModified": 1734145237,
        "narHash": "sha256-9XsV2hPjt05q+y5FiSbKYYXnznDKYOsDwsVmfskYd3M=",
        "owner": "benfowler",
        "repo": "telescope-luasnip.nvim",
        "rev": "07a2a2936a7557404c782dba021ac0a03165b343",
        "type": "github"
      },
      "original": {
        "owner": "benfowler",
        "repo": "telescope-luasnip.nvim",
        "type": "github"
      }
    },
    "tree-sitter-openscad": {
      "flake": false,
      "locked": {
        "lastModified": 1711426159,
        "narHash": "sha256-4kzu8OXAGzs3y+mpAKeQxJ0M9wlJdiv11i8PnGLuH2c=",
        "owner": "bollian",
        "repo": "tree-sitter-openscad",
        "rev": "bb1e12023e59489c0892af0c0c9a5b323af69df6",
        "type": "github"
      },
      "original": {
        "owner": "bollian",
        "repo": "tree-sitter-openscad",
        "type": "github"
      }
    }
  },
  "root": "root",
  "version": 7
}
